
Microsoft Visual Studio Solution File, Format Version 12.00
# Visual Studio 15
Project("{FAE04EC0-301F-11D3-BF4B-00C04F79EFBC}") = "Assembly-CSharp", "Assembly-CSharp.csproj", "{F265A107-BDBB-D585-F3C0-5E5A278ACB24}"
EndProject
Project("{FAE04EC0-301F-11D3-BF4B-00C04F79EFBC}") = "Assembly-CSharp-firstpass", "Assembly-CSharp-firstpass.csproj", "{4D8F4090-C59F-590A-1F74-067F1C00B652}"
EndProject
Project("{FAE04EC0-301F-11D3-BF4B-00C04F79EFBC}") = "Assembly-CSharp-Editor", "Assembly-CSharp-Editor.csproj", "{C6415890-441C-09FF-BB45-6BCDE494DBAA}"
EndProject
Project("{FAE04EC0-301F-11D3-BF4B-00C04F79EFBC}") = "Assembly-CSharp-Editor-firstpass", "Assembly-CSharp-Editor-firstpass.csproj", "{28E5D90E-7955-67E0-1FD6-0B7CD6BE0AF8}"
EndProject
Global
	GlobalSection(SolutionConfigurationPlatforms) = preSolution
		Debug|Any CPU = Debug|Any CPU
		Release|Any CPU = Release|Any CPU
	EndGlobalSection
	GlobalSection(ProjectConfigurationPlatforms) = postSolution
		{F265A107-BDBB-D585-F3C0-5E5A278ACB24}.Debug|Any CPU.ActiveCfg = Debug|Any CPU
		{F265A107-BDBB-D585-F3C0-5E5A278ACB24}.Debug|Any CPU.Build.0 = Debug|Any CPU
		{F265A107-BDBB-D585-F3C0-5E5A278ACB24}.Release|Any CPU.ActiveCfg = Release|Any CPU
		{F265A107-BDBB-D585-F3C0-5E5A278ACB24}.Release|Any CPU.Build.0 = Release|Any CPU
		{4D8F4090-C59F-590A-1F74-067F1C00B652}.Debug|Any CPU.ActiveCfg = Debug|Any CPU
		{4D8F4090-C59F-590A-1F74-067F1C00B652}.Debug|Any CPU.Build.0 = Debug|Any CPU
		{4D8F4090-C59F-590A-1F74-067F1C00B652}.Release|Any CPU.ActiveCfg = Release|Any CPU
		{4D8F4090-C59F-590A-1F74-067F1C00B652}.Release|Any CPU.Build.0 = Release|Any CPU
		{C6415890-441C-09FF-BB45-6BCDE494DBAA}.Debug|Any CPU.ActiveCfg = Debug|Any CPU
		{C6415890-441C-09FF-BB45-6BCDE494DBAA}.Debug|Any CPU.Build.0 = Debug|Any CPU
		{C6415890-441C-09FF-BB45-6BCDE494DBAA}.Release|Any CPU.ActiveCfg = Release|Any CPU
		{C6415890-441C-09FF-BB45-6BCDE494DBAA}.Release|Any CPU.Build.0 = Release|Any CPU
		{28E5D90E-7955-67E0-1FD6-0B7CD6BE0AF8}.Debug|Any CPU.ActiveCfg = Debug|Any CPU
		{28E5D90E-7955-67E0-1FD6-0B7CD6BE0AF8}.Debug|Any CPU.Build.0 = Debug|Any CPU
		{28E5D90E-7955-67E0-1FD6-0B7CD6BE0AF8}.Release|Any CPU.ActiveCfg = Release|Any CPU
		{28E5D90E-7955-67E0-1FD6-0B7CD6BE0AF8}.Release|Any CPU.Build.0 = Release|Any CPU
	EndGlobalSection
	GlobalSection(SolutionProperties) = preSolution
		HideSolutionNode = FALSE
	EndGlobalSection
EndGlobal
