
Microsoft Visual Studio Solution File, Format Version 12.00
# Visual Studio 15
Project("{FAE04EC0-301F-11D3-BF4B-00C04F79EFBC}") = "Assembly-CSharp", "Assembly-CSharp.csproj", "{10ED35E9-8C52-3BE2-135A-38FFFC6FCA86}"
EndProject
Project("{FAE04EC0-301F-11D3-BF4B-00C04F79EFBC}") = "Assembly-CSharp-firstpass", "Assembly-CSharp-firstpass.csproj", "{020221D2-397B-9153-6303-A3C9D753F11A}"
EndProject
Project("{FAE04EC0-301F-11D3-BF4B-00C04F79EFBC}") = "Assembly-CSharp-Editor", "Assembly-CSharp-Editor.csproj", "{00A51090-3B9C-02D1-2E0F-BA468637BE69}"
EndProject
Project("{FAE04EC0-301F-11D3-BF4B-00C04F79EFBC}") = "Assembly-CSharp-Editor-firstpass", "Assembly-CSharp-Editor-firstpass.csproj", "{45A41F10-184A-602B-1095-A13E13A1EFB9}"
EndProject
Global
	GlobalSection(SolutionConfigurationPlatforms) = preSolution
		Debug|Any CPU = Debug|Any CPU
		Release|Any CPU = Release|Any CPU
	EndGlobalSection
	GlobalSection(ProjectConfigurationPlatforms) = postSolution
		{10ED35E9-8C52-3BE2-135A-38FFFC6FCA86}.Debug|Any CPU.ActiveCfg = Debug|Any CPU
		{10ED35E9-8C52-3BE2-135A-38FFFC6FCA86}.Debug|Any CPU.Build.0 = Debug|Any CPU
		{10ED35E9-8C52-3BE2-135A-38FFFC6FCA86}.Release|Any CPU.ActiveCfg = Release|Any CPU
		{10ED35E9-8C52-3BE2-135A-38FFFC6FCA86}.Release|Any CPU.Build.0 = Release|Any CPU
		{020221D2-397B-9153-6303-A3C9D753F11A}.Debug|Any CPU.ActiveCfg = Debug|Any CPU
		{020221D2-397B-9153-6303-A3C9D753F11A}.Debug|Any CPU.Build.0 = Debug|Any CPU
		{020221D2-397B-9153-6303-A3C9D753F11A}.Release|Any CPU.ActiveCfg = Release|Any CPU
		{020221D2-397B-9153-6303-A3C9D753F11A}.Release|Any CPU.Build.0 = Release|Any CPU
		{00A51090-3B9C-02D1-2E0F-BA468637BE69}.Debug|Any CPU.ActiveCfg = Debug|Any CPU
		{00A51090-3B9C-02D1-2E0F-BA468637BE69}.Debug|Any CPU.Build.0 = Debug|Any CPU
		{00A51090-3B9C-02D1-2E0F-BA468637BE69}.Release|Any CPU.ActiveCfg = Release|Any CPU
		{00A51090-3B9C-02D1-2E0F-BA468637BE69}.Release|Any CPU.Build.0 = Release|Any CPU
		{45A41F10-184A-602B-1095-A13E13A1EFB9}.Debug|Any CPU.ActiveCfg = Debug|Any CPU
		{45A41F10-184A-602B-1095-A13E13A1EFB9}.Debug|Any CPU.Build.0 = Debug|Any CPU
		{45A41F10-184A-602B-1095-A13E13A1EFB9}.Release|Any CPU.ActiveCfg = Release|Any CPU
		{45A41F10-184A-602B-1095-A13E13A1EFB9}.Release|Any CPU.Build.0 = Release|Any CPU
	EndGlobalSection
	GlobalSection(SolutionProperties) = preSolution
		HideSolutionNode = FALSE
	EndGlobalSection
EndGlobal
