
Microsoft Visual Studio Solution File, Format Version 12.00
# Visual Studio 15
Project("{FAE04EC0-301F-11D3-BF4B-00C04F79EFBC}") = "Assembly-CSharp", "Assembly-CSharp.csproj", "{5741D988-627E-8DC6-3C49-AE8D623407B0}"
EndProject
Project("{FAE04EC0-301F-11D3-BF4B-00C04F79EFBC}") = "Assembly-CSharp-firstpass", "Assembly-CSharp-firstpass.csproj", "{93417966-EF59-2ABC-8702-29B1FDD1438A}"
EndProject
Project("{FAE04EC0-301F-11D3-BF4B-00C04F79EFBC}") = "Assembly-CSharp-Editor", "Assembly-CSharp-Editor.csproj", "{10A7853A-8CEB-1A28-2BDE-72E7168EB668}"
EndProject
Project("{FAE04EC0-301F-11D3-BF4B-00C04F79EFBC}") = "Assembly-CSharp-Editor-firstpass", "Assembly-CSharp-Editor-firstpass.csproj", "{6069CC97-73BE-3C93-E9F5-C922E1A3197D}"
EndProject
Global
	GlobalSection(SolutionConfigurationPlatforms) = preSolution
		Debug|Any CPU = Debug|Any CPU
		Release|Any CPU = Release|Any CPU
	EndGlobalSection
	GlobalSection(ProjectConfigurationPlatforms) = postSolution
		{5741D988-627E-8DC6-3C49-AE8D623407B0}.Debug|Any CPU.ActiveCfg = Debug|Any CPU
		{5741D988-627E-8DC6-3C49-AE8D623407B0}.Debug|Any CPU.Build.0 = Debug|Any CPU
		{5741D988-627E-8DC6-3C49-AE8D623407B0}.Release|Any CPU.ActiveCfg = Release|Any CPU
		{5741D988-627E-8DC6-3C49-AE8D623407B0}.Release|Any CPU.Build.0 = Release|Any CPU
		{93417966-EF59-2ABC-8702-29B1FDD1438A}.Debug|Any CPU.ActiveCfg = Debug|Any CPU
		{93417966-EF59-2ABC-8702-29B1FDD1438A}.Debug|Any CPU.Build.0 = Debug|Any CPU
		{93417966-EF59-2ABC-8702-29B1FDD1438A}.Release|Any CPU.ActiveCfg = Release|Any CPU
		{93417966-EF59-2ABC-8702-29B1FDD1438A}.Release|Any CPU.Build.0 = Release|Any CPU
		{10A7853A-8CEB-1A28-2BDE-72E7168EB668}.Debug|Any CPU.ActiveCfg = Debug|Any CPU
		{10A7853A-8CEB-1A28-2BDE-72E7168EB668}.Debug|Any CPU.Build.0 = Debug|Any CPU
		{10A7853A-8CEB-1A28-2BDE-72E7168EB668}.Release|Any CPU.ActiveCfg = Release|Any CPU
		{10A7853A-8CEB-1A28-2BDE-72E7168EB668}.Release|Any CPU.Build.0 = Release|Any CPU
		{6069CC97-73BE-3C93-E9F5-C922E1A3197D}.Debug|Any CPU.ActiveCfg = Debug|Any CPU
		{6069CC97-73BE-3C93-E9F5-C922E1A3197D}.Debug|Any CPU.Build.0 = Debug|Any CPU
		{6069CC97-73BE-3C93-E9F5-C922E1A3197D}.Release|Any CPU.ActiveCfg = Release|Any CPU
		{6069CC97-73BE-3C93-E9F5-C922E1A3197D}.Release|Any CPU.Build.0 = Release|Any CPU
	EndGlobalSection
	GlobalSection(SolutionProperties) = preSolution
		HideSolutionNode = FALSE
	EndGlobalSection
EndGlobal
